
Microsoft Visual Studio Solution File, Format Version 12.00
# Visual Studio Version 17
VisualStudioVersion = 17.1.32407.343
MinimumVisualStudioVersion = 10.0.40219.1
Project("{FAE04EC0-301F-11D3-BF4B-00C04F79EFBC}") = "Lesson8", "Lesson8\Lesson8.csproj", "{FB988A16-081D-4C72-8540-4182D00FEB57}"
EndProject
Global
	GlobalSection(SolutionConfigurationPlatforms) = preSolution
		Debug|Any CPU = Debug|Any CPU
		Release|Any CPU = Release|Any CPU
	EndGlobalSection
	GlobalSection(ProjectConfigurationPlatforms) = postSolution
		{FB988A16-081D-4C72-8540-4182D00FEB57}.Debug|Any CPU.ActiveCfg = Debug|Any CPU
		{FB988A16-081D-4C72-8540-4182D00FEB57}.Debug|Any CPU.Build.0 = Debug|Any CPU
		{FB988A16-081D-4C72-8540-4182D00FEB57}.Release|Any CPU.ActiveCfg = Release|Any CPU
		{FB988A16-081D-4C72-8540-4182D00FEB57}.Release|Any CPU.Build.0 = Release|Any CPU
	EndGlobalSection
	GlobalSection(SolutionProperties) = preSolution
		HideSolutionNode = FALSE
	EndGlobalSection
	GlobalSection(ExtensibilityGlobals) = postSolution
		SolutionGuid = {BCBE465B-96DE-4DF0-B369-A56A4F3038DE}
	EndGlobalSection
EndGlobal
